// !$*UTF8*$!
{
	archiveVersion = 1;
	classes = {
	};
	objectVersion = 46;
	objects = {

/* Begin PBXBuildFile section */
		C03FBBB116DF7C340003ABAF /* GameMainViewController.m in Sources */ = {isa = PBXBuildFile; fileRef = C03FBBB016DF7C340003ABAF /* GameMainViewController.m */; };
		C070B88816BCBF2400349995 /* GameViewControllerExtension.m in Sources */ = {isa = PBXBuildFile; fileRef = C070B88716BCBF2400349995 /* GameViewControllerExtension.m */; };
		C070B88C16BCE96100349995 /* GameBlocks+GameBlocksExtension.m in Sources */ = {isa = PBXBuildFile; fileRef = C070B88B16BCE96100349995 /* GameBlocks+GameBlocksExtension.m */; };
		C070B89116BD5A3400349995 /* defaultWolf.png in Resources */ = {isa = PBXBuildFile; fileRef = C070B89016BD5A3400349995 /* defaultWolf.png */; };
		C070B89416BD85FC00349995 /* GameModel.m in Sources */ = {isa = PBXBuildFile; fileRef = C070B89316BD85FC00349995 /* GameModel.m */; };
		C08BFF0716B626C700556C23 /* pig.png in Resources */ = {isa = PBXBuildFile; fileRef = C08BFF0616B626C700556C23 /* pig.png */; };
		C08BFF0916B626CF00556C23 /* straw.png in Resources */ = {isa = PBXBuildFile; fileRef = C08BFF0816B626CF00556C23 /* straw.png */; };
		C08BFF1116B64C5600556C23 /* Wolf.m in Sources */ = {isa = PBXBuildFile; fileRef = C08BFF1016B64C5600556C23 /* Wolf.m */; };
		C09DB8A816B77809001D2C62 /* Pig.m in Sources */ = {isa = PBXBuildFile; fileRef = C09DB8A716B77809001D2C62 /* Pig.m */; };
		C09DB8AB16B7785E001D2C62 /* Blocks.m in Sources */ = {isa = PBXBuildFile; fileRef = C09DB8AA16B7785E001D2C62 /* Blocks.m */; };
		C09DB8AE16B7874E001D2C62 /* GameWolf.m in Sources */ = {isa = PBXBuildFile; fileRef = C09DB8AD16B7874E001D2C62 /* GameWolf.m */; };
		C09DB8B016B7897C001D2C62 /* CoreData.framework in Frameworks */ = {isa = PBXBuildFile; fileRef = C09DB8AF16B7897C001D2C62 /* CoreData.framework */; };
		C09DB8B216B789B6001D2C62 /* GameObject.m in Sources */ = {isa = PBXBuildFile; fileRef = C09DB8B116B789B6001D2C62 /* GameObject.m */; };
		C09DB8B516B78A46001D2C62 /* GamePig.m in Sources */ = {isa = PBXBuildFile; fileRef = C09DB8B416B78A46001D2C62 /* GamePig.m */; };
		C09DB8B816B78A5E001D2C62 /* GameBlocks.m in Sources */ = {isa = PBXBuildFile; fileRef = C09DB8B716B78A5E001D2C62 /* GameBlocks.m */; };
		C09FA84916BAAA34004A9D49 /* GameViewController.m in Sources */ = {isa = PBXBuildFile; fileRef = C0A037D916B4FF5900502819 /* GameViewController.m */; };
		C09FA84D16BAE93E004A9D49 /* iron.png in Resources */ = {isa = PBXBuildFile; fileRef = C09FA84A16BAE93E004A9D49 /* iron.png */; };
		C09FA84E16BAE93E004A9D49 /* stone.png in Resources */ = {isa = PBXBuildFile; fileRef = C09FA84B16BAE93E004A9D49 /* stone.png */; };
		C09FA84F16BAE93E004A9D49 /* wood.png in Resources */ = {isa = PBXBuildFile; fileRef = C09FA84C16BAE93E004A9D49 /* wood.png */; };
		C0A037BE16B4FF5900502819 /* UIKit.framework in Frameworks */ = {isa = PBXBuildFile; fileRef = C0A037BD16B4FF5900502819 /* UIKit.framework */; };
		C0A037C016B4FF5900502819 /* Foundation.framework in Frameworks */ = {isa = PBXBuildFile; fileRef = C0A037BF16B4FF5900502819 /* Foundation.framework */; };
		C0A037C216B4FF5900502819 /* CoreGraphics.framework in Frameworks */ = {isa = PBXBuildFile; fileRef = C0A037C116B4FF5900502819 /* CoreGraphics.framework */; };
		C0A037C816B4FF5900502819 /* InfoPlist.strings in Resources */ = {isa = PBXBuildFile; fileRef = C0A037C616B4FF5900502819 /* InfoPlist.strings */; };
		C0A037CA16B4FF5900502819 /* main.m in Sources */ = {isa = PBXBuildFile; fileRef = C0A037C916B4FF5900502819 /* main.m */; };
		C0A037CE16B4FF5900502819 /* AppDelegate.m in Sources */ = {isa = PBXBuildFile; fileRef = C0A037CD16B4FF5900502819 /* AppDelegate.m */; };
		C0A037D016B4FF5900502819 /* Default.png in Resources */ = {isa = PBXBuildFile; fileRef = C0A037CF16B4FF5900502819 /* Default.png */; };
		C0A037D216B4FF5900502819 /* Default@2x.png in Resources */ = {isa = PBXBuildFile; fileRef = C0A037D116B4FF5900502819 /* Default@2x.png */; };
		C0A037D416B4FF5900502819 /* Default-568h@2x.png in Resources */ = {isa = PBXBuildFile; fileRef = C0A037D316B4FF5900502819 /* Default-568h@2x.png */; };
		C0A037D716B4FF5900502819 /* MainStoryboard.storyboard in Resources */ = {isa = PBXBuildFile; fileRef = C0A037D516B4FF5900502819 /* MainStoryboard.storyboard */; };
		C0A037EA16B5044D00502819 /* background.png in Resources */ = {isa = PBXBuildFile; fileRef = C0A037E816B5044D00502819 /* background.png */; };
		C0A037EB16B5044D00502819 /* ground.png in Resources */ = {isa = PBXBuildFile; fileRef = C0A037E916B5044D00502819 /* ground.png */; };
		C0A037FD16B51DD200502819 /* objectsBackground.jpg in Resources */ = {isa = PBXBuildFile; fileRef = C0A037FC16B51DD200502819 /* objectsBackground.jpg */; };
		C0A0D40216B8D82C007D6FA0 /* Constants.m in Sources */ = {isa = PBXBuildFile; fileRef = C0A0D40116B8D82C007D6FA0 /* Constants.m */; };
/* End PBXBuildFile section */

/* Begin PBXFileReference section */
		C03FBBAF16DF7C340003ABAF /* GameMainViewController.h */ = {isa = PBXFileReference; fileEncoding = 4; lastKnownFileType = sourcecode.c.h; path = GameMainViewController.h; sourceTree = "<group>"; };
		C03FBBB016DF7C340003ABAF /* GameMainViewController.m */ = {isa = PBXFileReference; fileEncoding = 4; lastKnownFileType = sourcecode.c.objc; path = GameMainViewController.m; sourceTree = "<group>"; };
		C070B88616BCBF2400349995 /* GameViewControllerExtension.h */ = {isa = PBXFileReference; fileEncoding = 4; lastKnownFileType = sourcecode.c.h; path = GameViewControllerExtension.h; sourceTree = "<group>"; };
		C070B88716BCBF2400349995 /* GameViewControllerExtension.m */ = {isa = PBXFileReference; fileEncoding = 4; lastKnownFileType = sourcecode.c.objc; path = GameViewControllerExtension.m; sourceTree = "<group>"; };
		C070B88A16BCE96100349995 /* GameBlocks+GameBlocksExtension.h */ = {isa = PBXFileReference; fileEncoding = 4; lastKnownFileType = sourcecode.c.h; path = "GameBlocks+GameBlocksExtension.h"; sourceTree = "<group>"; };
		C070B88B16BCE96100349995 /* GameBlocks+GameBlocksExtension.m */ = {isa = PBXFileReference; fileEncoding = 4; lastKnownFileType = sourcecode.c.objc; path = "GameBlocks+GameBlocksExtension.m"; sourceTree = "<group>"; };
		C070B89016BD5A3400349995 /* defaultWolf.png */ = {isa = PBXFileReference; lastKnownFileType = image.png; path = defaultWolf.png; sourceTree = "<group>"; };
		C070B89216BD85FC00349995 /* GameModel.h */ = {isa = PBXFileReference; fileEncoding = 4; lastKnownFileType = sourcecode.c.h; name = GameModel.h; path = Game/GameModel.h; sourceTree = "<group>"; };
		C070B89316BD85FC00349995 /* GameModel.m */ = {isa = PBXFileReference; fileEncoding = 4; lastKnownFileType = sourcecode.c.objc; name = GameModel.m; path = Game/GameModel.m; sourceTree = "<group>"; };
		C08BFF0616B626C700556C23 /* pig.png */ = {isa = PBXFileReference; lastKnownFileType = image.png; name = pig.png; path = Game/pig.png; sourceTree = "<group>"; };
		C08BFF0816B626CF00556C23 /* straw.png */ = {isa = PBXFileReference; lastKnownFileType = image.png; name = straw.png; path = Game/straw.png; sourceTree = "<group>"; };
		C08BFF0F16B64C5600556C23 /* Wolf.h */ = {isa = PBXFileReference; fileEncoding = 4; lastKnownFileType = sourcecode.c.h; name = Wolf.h; path = Game/Wolf.h; sourceTree = "<group>"; };
		C08BFF1016B64C5600556C23 /* Wolf.m */ = {isa = PBXFileReference; fileEncoding = 4; lastKnownFileType = sourcecode.c.objc; name = Wolf.m; path = Game/Wolf.m; sourceTree = "<group>"; };
		C09DB89E16B76C98001D2C62 /* GameObject.h */ = {isa = PBXFileReference; fileEncoding = 4; lastKnownFileType = sourcecode.c.h; path = GameObject.h; sourceTree = "<group>"; };
		C09DB8A616B77809001D2C62 /* Pig.h */ = {isa = PBXFileReference; fileEncoding = 4; lastKnownFileType = sourcecode.c.h; path = Pig.h; sourceTree = "<group>"; };
		C09DB8A716B77809001D2C62 /* Pig.m */ = {isa = PBXFileReference; fileEncoding = 4; lastKnownFileType = sourcecode.c.objc; path = Pig.m; sourceTree = "<group>"; };
		C09DB8A916B7785E001D2C62 /* Blocks.h */ = {isa = PBXFileReference; fileEncoding = 4; lastKnownFileType = sourcecode.c.h; path = Blocks.h; sourceTree = "<group>"; };
		C09DB8AA16B7785E001D2C62 /* Blocks.m */ = {isa = PBXFileReference; fileEncoding = 4; lastKnownFileType = sourcecode.c.objc; path = Blocks.m; sourceTree = "<group>"; };
		C09DB8AC16B7874E001D2C62 /* GameWolf.h */ = {isa = PBXFileReference; fileEncoding = 4; lastKnownFileType = sourcecode.c.h; path = GameWolf.h; sourceTree = "<group>"; };
		C09DB8AD16B7874E001D2C62 /* GameWolf.m */ = {isa = PBXFileReference; fileEncoding = 4; lastKnownFileType = sourcecode.c.objc; path = GameWolf.m; sourceTree = "<group>"; };
		C09DB8AF16B7897C001D2C62 /* CoreData.framework */ = {isa = PBXFileReference; lastKnownFileType = wrapper.framework; name = CoreData.framework; path = System/Library/Frameworks/CoreData.framework; sourceTree = SDKROOT; };
		C09DB8B116B789B6001D2C62 /* GameObject.m */ = {isa = PBXFileReference; fileEncoding = 4; lastKnownFileType = sourcecode.c.objc; path = GameObject.m; sourceTree = "<group>"; };
		C09DB8B316B78A46001D2C62 /* GamePig.h */ = {isa = PBXFileReference; fileEncoding = 4; lastKnownFileType = sourcecode.c.h; path = GamePig.h; sourceTree = "<group>"; };
		C09DB8B416B78A46001D2C62 /* GamePig.m */ = {isa = PBXFileReference; fileEncoding = 4; lastKnownFileType = sourcecode.c.objc; path = GamePig.m; sourceTree = "<group>"; };
		C09DB8B616B78A5E001D2C62 /* GameBlocks.h */ = {isa = PBXFileReference; fileEncoding = 4; lastKnownFileType = sourcecode.c.h; path = GameBlocks.h; sourceTree = "<group>"; };
		C09DB8B716B78A5E001D2C62 /* GameBlocks.m */ = {isa = PBXFileReference; fileEncoding = 4; lastKnownFileType = sourcecode.c.objc; path = GameBlocks.m; sourceTree = "<group>"; };
		C09FA84816BA755C004A9D49 /* ModelModifyDelegate.h */ = {isa = PBXFileReference; fileEncoding = 4; lastKnownFileType = sourcecode.c.h; name = ModelModifyDelegate.h; path = Game/ModelModifyDelegate.h; sourceTree = "<group>"; };
		C09FA84A16BAE93E004A9D49 /* iron.png */ = {isa = PBXFileReference; lastKnownFileType = image.png; path = iron.png; sourceTree = "<group>"; };
		C09FA84B16BAE93E004A9D49 /* stone.png */ = {isa = PBXFileReference; lastKnownFileType = image.png; path = stone.png; sourceTree = "<group>"; };
		C09FA84C16BAE93E004A9D49 /* wood.png */ = {isa = PBXFileReference; lastKnownFileType = image.png; path = wood.png; sourceTree = "<group>"; };
		C0A037B916B4FF5900502819 /* Game.app */ = {isa = PBXFileReference; explicitFileType = wrapper.application; includeInIndex = 0; path = Game.app; sourceTree = BUILT_PRODUCTS_DIR; };
		C0A037BD16B4FF5900502819 /* UIKit.framework */ = {isa = PBXFileReference; lastKnownFileType = wrapper.framework; name = UIKit.framework; path = System/Library/Frameworks/UIKit.framework; sourceTree = SDKROOT; };
		C0A037BF16B4FF5900502819 /* Foundation.framework */ = {isa = PBXFileReference; lastKnownFileType = wrapper.framework; name = Foundation.framework; path = System/Library/Frameworks/Foundation.framework; sourceTree = SDKROOT; };
		C0A037C116B4FF5900502819 /* CoreGraphics.framework */ = {isa = PBXFileReference; lastKnownFileType = wrapper.framework; name = CoreGraphics.framework; path = System/Library/Frameworks/CoreGraphics.framework; sourceTree = SDKROOT; };
		C0A037C516B4FF5900502819 /* Game-Info.plist */ = {isa = PBXFileReference; lastKnownFileType = text.plist.xml; path = "Game-Info.plist"; sourceTree = "<group>"; };
		C0A037C716B4FF5900502819 /* en */ = {isa = PBXFileReference; lastKnownFileType = text.plist.strings; name = en; path = en.lproj/InfoPlist.strings; sourceTree = "<group>"; };
		C0A037C916B4FF5900502819 /* main.m */ = {isa = PBXFileReference; lastKnownFileType = sourcecode.c.objc; path = main.m; sourceTree = "<group>"; };
		C0A037CB16B4FF5900502819 /* Game-Prefix.pch */ = {isa = PBXFileReference; lastKnownFileType = sourcecode.c.h; path = "Game-Prefix.pch"; sourceTree = "<group>"; };
		C0A037CC16B4FF5900502819 /* AppDelegate.h */ = {isa = PBXFileReference; lastKnownFileType = sourcecode.c.h; path = AppDelegate.h; sourceTree = "<group>"; };
		C0A037CD16B4FF5900502819 /* AppDelegate.m */ = {isa = PBXFileReference; lastKnownFileType = sourcecode.c.objc; path = AppDelegate.m; sourceTree = "<group>"; };
		C0A037CF16B4FF5900502819 /* Default.png */ = {isa = PBXFileReference; lastKnownFileType = image.png; path = Default.png; sourceTree = "<group>"; };
		C0A037D116B4FF5900502819 /* Default@2x.png */ = {isa = PBXFileReference; lastKnownFileType = image.png; path = "Default@2x.png"; sourceTree = "<group>"; };
		C0A037D316B4FF5900502819 /* Default-568h@2x.png */ = {isa = PBXFileReference; lastKnownFileType = image.png; path = "Default-568h@2x.png"; sourceTree = "<group>"; };
		C0A037D616B4FF5900502819 /* en */ = {isa = PBXFileReference; lastKnownFileType = file.storyboard; name = en; path = en.lproj/MainStoryboard.storyboard; sourceTree = "<group>"; };
		C0A037D816B4FF5900502819 /* GameViewController.h */ = {isa = PBXFileReference; lastKnownFileType = sourcecode.c.h; path = GameViewController.h; sourceTree = "<group>"; };
		C0A037D916B4FF5900502819 /* GameViewController.m */ = {isa = PBXFileReference; lastKnownFileType = sourcecode.c.objc; path = GameViewController.m; sourceTree = "<group>"; };
		C0A037E816B5044D00502819 /* background.png */ = {isa = PBXFileReference; lastKnownFileType = image.png; name = background.png; path = Game/background.png; sourceTree = "<group>"; };
		C0A037E916B5044D00502819 /* ground.png */ = {isa = PBXFileReference; lastKnownFileType = image.png; name = ground.png; path = Game/ground.png; sourceTree = "<group>"; };
		C0A037FC16B51DD200502819 /* objectsBackground.jpg */ = {isa = PBXFileReference; lastKnownFileType = image.jpeg; name = objectsBackground.jpg; path = Game/objectsBackground.jpg; sourceTree = "<group>"; };
		C0A0D40016B8D82C007D6FA0 /* Constants.h */ = {isa = PBXFileReference; fileEncoding = 4; lastKnownFileType = sourcecode.c.h; name = Constants.h; path = Game/Constants.h; sourceTree = "<group>"; };
		C0A0D40116B8D82C007D6FA0 /* Constants.m */ = {isa = PBXFileReference; fileEncoding = 4; lastKnownFileType = sourcecode.c.objc; name = Constants.m; path = Game/Constants.m; sourceTree = "<group>"; };
/* End PBXFileReference section */

/* Begin PBXFrameworksBuildPhase section */
		C0A037B616B4FF5900502819 /* Frameworks */ = {
			isa = PBXFrameworksBuildPhase;
			buildActionMask = 2147483647;
			files = (
				C09DB8B016B7897C001D2C62 /* CoreData.framework in Frameworks */,
				C0A037BE16B4FF5900502819 /* UIKit.framework in Frameworks */,
				C0A037C016B4FF5900502819 /* Foundation.framework in Frameworks */,
				C0A037C216B4FF5900502819 /* CoreGraphics.framework in Frameworks */,
			);
			runOnlyForDeploymentPostprocessing = 0;
		};
/* End PBXFrameworksBuildPhase section */

/* Begin PBXGroup section */
		C08BFF0A16B64BA300556C23 /* Model */ = {
			isa = PBXGroup;
			children = (
				C09FA84816BA755C004A9D49 /* ModelModifyDelegate.h */,
				C070B89216BD85FC00349995 /* GameModel.h */,
				C070B89316BD85FC00349995 /* GameModel.m */,
				C08BFF0F16B64C5600556C23 /* Wolf.h */,
				C08BFF1016B64C5600556C23 /* Wolf.m */,
				C09DB8A616B77809001D2C62 /* Pig.h */,
				C09DB8A716B77809001D2C62 /* Pig.m */,
				C09DB8A916B7785E001D2C62 /* Blocks.h */,
				C09DB8AA16B7785E001D2C62 /* Blocks.m */,
				C0A0D40016B8D82C007D6FA0 /* Constants.h */,
				C0A0D40116B8D82C007D6FA0 /* Constants.m */,
			);
			name = Model;
			sourceTree = "<group>";
		};
		C08BFF0E16B64BF700556C23 /* Images */ = {
			isa = PBXGroup;
			children = (
				C070B89016BD5A3400349995 /* defaultWolf.png */,
				C09FA84A16BAE93E004A9D49 /* iron.png */,
				C09FA84B16BAE93E004A9D49 /* stone.png */,
				C09FA84C16BAE93E004A9D49 /* wood.png */,
				C08BFF0816B626CF00556C23 /* straw.png */,
				C08BFF0616B626C700556C23 /* pig.png */,
				C0A037E816B5044D00502819 /* background.png */,
				C0A037E916B5044D00502819 /* ground.png */,
				C0A037FC16B51DD200502819 /* objectsBackground.jpg */,
			);
			name = Images;
			sourceTree = "<group>";
		};
		C0A037AE16B4FF5900502819 = {
			isa = PBXGroup;
			children = (
				C08BFF0E16B64BF700556C23 /* Images */,
				C08BFF0A16B64BA300556C23 /* Model */,
				C0A037C316B4FF5900502819 /* Game */,
				C0A037BC16B4FF5900502819 /* Frameworks */,
				C0A037BA16B4FF5900502819 /* Products */,
			);
			sourceTree = "<group>";
		};
		C0A037BA16B4FF5900502819 /* Products */ = {
			isa = PBXGroup;
			children = (
				C0A037B916B4FF5900502819 /* Game.app */,
			);
			name = Products;
			sourceTree = "<group>";
		};
		C0A037BC16B4FF5900502819 /* Frameworks */ = {
			isa = PBXGroup;
			children = (
				C09DB8AF16B7897C001D2C62 /* CoreData.framework */,
				C0A037BD16B4FF5900502819 /* UIKit.framework */,
				C0A037BF16B4FF5900502819 /* Foundation.framework */,
				C0A037C116B4FF5900502819 /* CoreGraphics.framework */,
			);
			name = Frameworks;
			sourceTree = "<group>";
		};
		C0A037C316B4FF5900502819 /* Game */ = {
			isa = PBXGroup;
			children = (
				C0A037CC16B4FF5900502819 /* AppDelegate.h */,
				C0A037CD16B4FF5900502819 /* AppDelegate.m */,
				C0A037D516B4FF5900502819 /* MainStoryboard.storyboard */,
				C03FBBAF16DF7C340003ABAF /* GameMainViewController.h */,
				C03FBBB016DF7C340003ABAF /* GameMainViewController.m */,
				C0A037D816B4FF5900502819 /* GameViewController.h */,
				C0A037D916B4FF5900502819 /* GameViewController.m */,
				C070B88616BCBF2400349995 /* GameViewControllerExtension.h */,
				C070B88716BCBF2400349995 /* GameViewControllerExtension.m */,
				C09DB89E16B76C98001D2C62 /* GameObject.h */,
				C09DB8B116B789B6001D2C62 /* GameObject.m */,
				C09DB8AC16B7874E001D2C62 /* GameWolf.h */,
				C09DB8AD16B7874E001D2C62 /* GameWolf.m */,
				C09DB8B316B78A46001D2C62 /* GamePig.h */,
				C09DB8B416B78A46001D2C62 /* GamePig.m */,
				C09DB8B616B78A5E001D2C62 /* GameBlocks.h */,
				C09DB8B716B78A5E001D2C62 /* GameBlocks.m */,
				C070B88A16BCE96100349995 /* GameBlocks+GameBlocksExtension.h */,
				C070B88B16BCE96100349995 /* GameBlocks+GameBlocksExtension.m */,
				C0A037C416B4FF5900502819 /* Supporting Files */,
			);
			path = Game;
			sourceTree = "<group>";
		};
		C0A037C416B4FF5900502819 /* Supporting Files */ = {
			isa = PBXGroup;
			children = (
				C0A037C516B4FF5900502819 /* Game-Info.plist */,
				C0A037C616B4FF5900502819 /* InfoPlist.strings */,
				C0A037C916B4FF5900502819 /* main.m */,
				C0A037CB16B4FF5900502819 /* Game-Prefix.pch */,
				C0A037CF16B4FF5900502819 /* Default.png */,
				C0A037D116B4FF5900502819 /* Default@2x.png */,
				C0A037D316B4FF5900502819 /* Default-568h@2x.png */,
			);
			name = "Supporting Files";
			sourceTree = "<group>";
		};
/* End PBXGroup section */

/* Begin PBXNativeTarget section */
		C0A037B816B4FF5900502819 /* Game */ = {
			isa = PBXNativeTarget;
			buildConfigurationList = C0A037DD16B4FF5900502819 /* Build configuration list for PBXNativeTarget "Game" */;
			buildPhases = (
				C0A037B516B4FF5900502819 /* Sources */,
				C0A037B616B4FF5900502819 /* Frameworks */,
				C0A037B716B4FF5900502819 /* Resources */,
			);
			buildRules = (
			);
			dependencies = (
			);
			name = Game;
			productName = Game;
			productReference = C0A037B916B4FF5900502819 /* Game.app */;
			productType = "com.apple.product-type.application";
		};
/* End PBXNativeTarget section */

/* Begin PBXProject section */
		C0A037B016B4FF5900502819 /* Project object */ = {
			isa = PBXProject;
			attributes = {
				LastUpgradeCheck = 0450;
				ORGANIZATIONNAME = nus.cs3217;
			};
			buildConfigurationList = C0A037B316B4FF5900502819 /* Build configuration list for PBXProject "Game" */;
			compatibilityVersion = "Xcode 3.2";
			developmentRegion = English;
			hasScannedForEncodings = 0;
			knownRegions = (
				en,
			);
			mainGroup = C0A037AE16B4FF5900502819;
			productRefGroup = C0A037BA16B4FF5900502819 /* Products */;
			projectDirPath = "";
			projectRoot = "";
			targets = (
				C0A037B816B4FF5900502819 /* Game */,
			);
		};
/* End PBXProject section */

/* Begin PBXResourcesBuildPhase section */
		C0A037B716B4FF5900502819 /* Resources */ = {
			isa = PBXResourcesBuildPhase;
			buildActionMask = 2147483647;
			files = (
				C0A037C816B4FF5900502819 /* InfoPlist.strings in Resources */,
				C0A037D016B4FF5900502819 /* Default.png in Resources */,
				C0A037D216B4FF5900502819 /* Default@2x.png in Resources */,
				C0A037D416B4FF5900502819 /* Default-568h@2x.png in Resources */,
				C0A037D716B4FF5900502819 /* MainStoryboard.storyboard in Resources */,
				C0A037EA16B5044D00502819 /* background.png in Resources */,
				C0A037EB16B5044D00502819 /* ground.png in Resources */,
				C0A037FD16B51DD200502819 /* objectsBackground.jpg in Resources */,
				C08BFF0716B626C700556C23 /* pig.png in Resources */,
				C08BFF0916B626CF00556C23 /* straw.png in Resources */,
				C09FA84D16BAE93E004A9D49 /* iron.png in Resources */,
				C09FA84E16BAE93E004A9D49 /* stone.png in Resources */,
				C09FA84F16BAE93E004A9D49 /* wood.png in Resources */,
				C070B89116BD5A3400349995 /* defaultWolf.png in Resources */,
			);
			runOnlyForDeploymentPostprocessing = 0;
		};
/* End PBXResourcesBuildPhase section */

/* Begin PBXSourcesBuildPhase section */
		C0A037B516B4FF5900502819 /* Sources */ = {
			isa = PBXSourcesBuildPhase;
			buildActionMask = 2147483647;
			files = (
				C09FA84916BAAA34004A9D49 /* GameViewController.m in Sources */,
				C0A037CA16B4FF5900502819 /* main.m in Sources */,
				C0A037CE16B4FF5900502819 /* AppDelegate.m in Sources */,
				C08BFF1116B64C5600556C23 /* Wolf.m in Sources */,
				C09DB8A816B77809001D2C62 /* Pig.m in Sources */,
				C09DB8AB16B7785E001D2C62 /* Blocks.m in Sources */,
				C09DB8AE16B7874E001D2C62 /* GameWolf.m in Sources */,
				C09DB8B216B789B6001D2C62 /* GameObject.m in Sources */,
				C09DB8B516B78A46001D2C62 /* GamePig.m in Sources */,
				C09DB8B816B78A5E001D2C62 /* GameBlocks.m in Sources */,
				C0A0D40216B8D82C007D6FA0 /* Constants.m in Sources */,
				C070B88816BCBF2400349995 /* GameViewControllerExtension.m in Sources */,
				C070B88C16BCE96100349995 /* GameBlocks+GameBlocksExtension.m in Sources */,
				C070B89416BD85FC00349995 /* GameModel.m in Sources */,
				C03FBBB116DF7C340003ABAF /* GameMainViewController.m in Sources */,
			);
			runOnlyForDeploymentPostprocessing = 0;
		};
/* End PBXSourcesBuildPhase section */

/* Begin PBXVariantGroup section */
		C0A037C616B4FF5900502819 /* InfoPlist.strings */ = {
			isa = PBXVariantGroup;
			children = (
				C0A037C716B4FF5900502819 /* en */,
			);
			name = InfoPlist.strings;
			sourceTree = "<group>";
		};
		C0A037D516B4FF5900502819 /* MainStoryboard.storyboard */ = {
			isa = PBXVariantGroup;
			children = (
				C0A037D616B4FF5900502819 /* en */,
			);
			name = MainStoryboard.storyboard;
			sourceTree = "<group>";
		};
/* End PBXVariantGroup section */

/* Begin XCBuildConfiguration section */
		C0A037DB16B4FF5900502819 /* Debug */ = {
			isa = XCBuildConfiguration;
			buildSettings = {
				ALWAYS_SEARCH_USER_PATHS = NO;
				CLANG_CXX_LANGUAGE_STANDARD = "gnu++0x";
				CLANG_CXX_LIBRARY = "libc++";
				CLANG_ENABLE_OBJC_ARC = YES;
				CLANG_WARN_EMPTY_BODY = YES;
				CLANG_WARN__DUPLICATE_METHOD_MATCH = YES;
				"CODE_SIGN_IDENTITY[sdk=iphoneos*]" = "iPhone Developer";
				COPY_PHASE_STRIP = NO;
				GCC_C_LANGUAGE_STANDARD = gnu99;
				GCC_DYNAMIC_NO_PIC = NO;
				GCC_OPTIMIZATION_LEVEL = 0;
				GCC_PREPROCESSOR_DEFINITIONS = (
					"DEBUG=1",
					"$(inherited)",
				);
				GCC_SYMBOLS_PRIVATE_EXTERN = NO;
				GCC_WARN_ABOUT_RETURN_TYPE = YES;
				GCC_WARN_UNINITIALIZED_AUTOS = YES;
				GCC_WARN_UNUSED_VARIABLE = YES;
				IPHONEOS_DEPLOYMENT_TARGET = 6.0;
				ONLY_ACTIVE_ARCH = YES;
				SDKROOT = iphoneos;
				TARGETED_DEVICE_FAMILY = 2;
			};
			name = Debug;
		};
		C0A037DC16B4FF5900502819 /* Release */ = {
			isa = XCBuildConfiguration;
			buildSettings = {
				ALWAYS_SEARCH_USER_PATHS = NO;
				CLANG_CXX_LANGUAGE_STANDARD = "gnu++0x";
				CLANG_CXX_LIBRARY = "libc++";
				CLANG_ENABLE_OBJC_ARC = YES;
				CLANG_WARN_EMPTY_BODY = YES;
				CLANG_WARN__DUPLICATE_METHOD_MATCH = YES;
				"CODE_SIGN_IDENTITY[sdk=iphoneos*]" = "iPhone Developer";
				COPY_PHASE_STRIP = YES;
				GCC_C_LANGUAGE_STANDARD = gnu99;
				GCC_WARN_ABOUT_RETURN_TYPE = YES;
				GCC_WARN_UNINITIALIZED_AUTOS = YES;
				GCC_WARN_UNUSED_VARIABLE = YES;
				IPHONEOS_DEPLOYMENT_TARGET = 6.0;
				ONLY_ACTIVE_ARCH = NO;
				OTHER_CFLAGS = "-DNS_BLOCK_ASSERTIONS=1";
				SDKROOT = iphoneos;
				TARGETED_DEVICE_FAMILY = 2;
				VALIDATE_PRODUCT = YES;
			};
			name = Release;
		};
		C0A037DE16B4FF5900502819 /* Debug */ = {
			isa = XCBuildConfiguration;
			buildSettings = {
				GCC_PRECOMPILE_PREFIX_HEADER = YES;
				GCC_PREFIX_HEADER = "Game/Game-Prefix.pch";
				INFOPLIST_FILE = "Game/Game-Info.plist";
				IPHONEOS_DEPLOYMENT_TARGET = 5.0;
				PRODUCT_NAME = "$(TARGET_NAME)";
				WRAPPER_EXTENSION = app;
			};
			name = Debug;
		};
		C0A037DF16B4FF5900502819 /* Release */ = {
			isa = XCBuildConfiguration;
			buildSettings = {
				GCC_PRECOMPILE_PREFIX_HEADER = YES;
				GCC_PREFIX_HEADER = "Game/Game-Prefix.pch";
				INFOPLIST_FILE = "Game/Game-Info.plist";
				IPHONEOS_DEPLOYMENT_TARGET = 5.0;
				PRODUCT_NAME = "$(TARGET_NAME)";
				WRAPPER_EXTENSION = app;
			};
			name = Release;
		};
/* End XCBuildConfiguration section */

/* Begin XCConfigurationList section */
		C0A037B316B4FF5900502819 /* Build configuration list for PBXProject "Game" */ = {
			isa = XCConfigurationList;
			buildConfigurations = (
				C0A037DB16B4FF5900502819 /* Debug */,
				C0A037DC16B4FF5900502819 /* Release */,
			);
			defaultConfigurationIsVisible = 0;
			defaultConfigurationName = Release;
		};
		C0A037DD16B4FF5900502819 /* Build configuration list for PBXNativeTarget "Game" */ = {
			isa = XCConfigurationList;
			buildConfigurations = (
				C0A037DE16B4FF5900502819 /* Debug */,
				C0A037DF16B4FF5900502819 /* Release */,
			);
			defaultConfigurationIsVisible = 0;
			defaultConfigurationName = Release;
		};
/* End XCConfigurationList section */
	};
	rootObject = C0A037B016B4FF5900502819 /* Project object */;
}
